
Microsoft Visual Studio Solution File, Format Version 12.00
# Visual Studio 15
VisualStudioVersion = 15.0.28307.645
MinimumVisualStudioVersion = 10.0.40219.1
Project("{9A19103F-16F7-4668-BE54-9A1E7A4F7556}") = "SqlQueryWithInnerTable", "SqlQueryWithInnerTable\SqlQueryWithInnerTable.csproj", "{92196F43-5D77-4C9C-B414-505E6D7AF70F}"
EndProject
Project("{FAE04EC0-301F-11D3-BF4B-00C04F79EFBC}") = "Run", "Run\Run.csproj", "{76270301-61C3-45A9-8AD3-F0288D9788D1}"
EndProject
Global
	GlobalSection(SolutionConfigurationPlatforms) = preSolution
		Debug|Any CPU = Debug|Any CPU
		Release|Any CPU = Release|Any CPU
	EndGlobalSection
	GlobalSection(ProjectConfigurationPlatforms) = postSolution
		{92196F43-5D77-4C9C-B414-505E6D7AF70F}.Debug|Any CPU.ActiveCfg = Debug|Any CPU
		{92196F43-5D77-4C9C-B414-505E6D7AF70F}.Debug|Any CPU.Build.0 = Debug|Any CPU
		{92196F43-5D77-4C9C-B414-505E6D7AF70F}.Release|Any CPU.ActiveCfg = Release|Any CPU
		{92196F43-5D77-4C9C-B414-505E6D7AF70F}.Release|Any CPU.Build.0 = Release|Any CPU
		{76270301-61C3-45A9-8AD3-F0288D9788D1}.Debug|Any CPU.ActiveCfg = Debug|Any CPU
		{76270301-61C3-45A9-8AD3-F0288D9788D1}.Debug|Any CPU.Build.0 = Debug|Any CPU
		{76270301-61C3-45A9-8AD3-F0288D9788D1}.Release|Any CPU.ActiveCfg = Release|Any CPU
		{76270301-61C3-45A9-8AD3-F0288D9788D1}.Release|Any CPU.Build.0 = Release|Any CPU
	EndGlobalSection
	GlobalSection(SolutionProperties) = preSolution
		HideSolutionNode = FALSE
	EndGlobalSection
	GlobalSection(ExtensibilityGlobals) = postSolution
		SolutionGuid = {0FA5B6C2-621C-4C28-AC9E-3F32E5F62973}
	EndGlobalSection
EndGlobal
